// !$*UTF8*$!
{
	archiveVersion = 1;
	classes = {
	};
	objectVersion = 50;
	objects = {

/* Begin PBXBuildFile section */
		5A1A9C2626E0D3EE00EB921C /* GreenButton.swift in Sources */ = {isa = PBXBuildFile; fileRef = 5A1A9C2526E0D3EE00EB921C /* GreenButton.swift */; };
		5A1A9C2826E0DD1100EB921C /* PolygonWithMultipleAnimatableParamters.swift in Sources */ = {isa = PBXBuildFile; fileRef = 5A1A9C2726E0DD1100EB921C /* PolygonWithMultipleAnimatableParamters.swift */; };
		5A1A9C2A26E0E0D500EB921C /* PolygonWithLinesVertexToVertex.swift in Sources */ = {isa = PBXBuildFile; fileRef = 5A1A9C2926E0E0D500EB921C /* PolygonWithLinesVertexToVertex.swift */; };
		5A80160C26DF78260028BF16 /* SwiftUI_AnimationsApp.swift in Sources */ = {isa = PBXBuildFile; fileRef = 5A80160B26DF78260028BF16 /* SwiftUI_AnimationsApp.swift */; };
		5A80160E26DF78260028BF16 /* ContentView.swift in Sources */ = {isa = PBXBuildFile; fileRef = 5A80160D26DF78260028BF16 /* ContentView.swift */; };
		5A80161026DF78280028BF16 /* Assets.xcassets in Resources */ = {isa = PBXBuildFile; fileRef = 5A80160F26DF78280028BF16 /* Assets.xcassets */; };
		5A80161326DF78280028BF16 /* Preview Assets.xcassets in Resources */ = {isa = PBXBuildFile; fileRef = 5A80161226DF78280028BF16 /* Preview Assets.xcassets */; };
		5A80161C26DF790C0028BF16 /* PolygonAnimatable.swift in Sources */ = {isa = PBXBuildFile; fileRef = 5A80161B26DF790C0028BF16 /* PolygonAnimatable.swift */; };
/* End PBXBuildFile section */

/* Begin PBXFileReference section */
		5A1A9C2526E0D3EE00EB921C /* GreenButton.swift */ = {isa = PBXFileReference; lastKnownFileType = sourcecode.swift; path = GreenButton.swift; sourceTree = "<group>"; };
		5A1A9C2726E0DD1100EB921C /* PolygonWithMultipleAnimatableParamters.swift */ = {isa = PBXFileReference; lastKnownFileType = sourcecode.swift; path = PolygonWithMultipleAnimatableParamters.swift; sourceTree = "<group>"; };
		5A1A9C2926E0E0D500EB921C /* PolygonWithLinesVertexToVertex.swift */ = {isa = PBXFileReference; lastKnownFileType = sourcecode.swift; path = PolygonWithLinesVertexToVertex.swift; sourceTree = "<group>"; };
		5A80160826DF78260028BF16 /* SwiftUI Animations.app */ = {isa = PBXFileReference; explicitFileType = wrapper.application; includeInIndex = 0; path = "SwiftUI Animations.app"; sourceTree = BUILT_PRODUCTS_DIR; };
		5A80160B26DF78260028BF16 /* SwiftUI_AnimationsApp.swift */ = {isa = PBXFileReference; lastKnownFileType = sourcecode.swift; path = SwiftUI_AnimationsApp.swift; sourceTree = "<group>"; };
		5A80160D26DF78260028BF16 /* ContentView.swift */ = {isa = PBXFileReference; lastKnownFileType = sourcecode.swift; path = ContentView.swift; sourceTree = "<group>"; };
		5A80160F26DF78280028BF16 /* Assets.xcassets */ = {isa = PBXFileReference; lastKnownFileType = folder.assetcatalog; path = Assets.xcassets; sourceTree = "<group>"; };
		5A80161226DF78280028BF16 /* Preview Assets.xcassets */ = {isa = PBXFileReference; lastKnownFileType = folder.assetcatalog; path = "Preview Assets.xcassets"; sourceTree = "<group>"; };
		5A80161426DF78280028BF16 /* Info.plist */ = {isa = PBXFileReference; lastKnownFileType = text.plist.xml; path = Info.plist; sourceTree = "<group>"; };
		5A80161B26DF790C0028BF16 /* PolygonAnimatable.swift */ = {isa = PBXFileReference; lastKnownFileType = sourcecode.swift; path = PolygonAnimatable.swift; sourceTree = "<group>"; };
/* End PBXFileReference section */

/* Begin PBXFrameworksBuildPhase section */
		5A80160526DF78260028BF16 /* Frameworks */ = {
			isa = PBXFrameworksBuildPhase;
			buildActionMask = 2147483647;
			files = (
			);
			runOnlyForDeploymentPostprocessing = 0;
		};
/* End PBXFrameworksBuildPhase section */

/* Begin PBXGroup section */
		5A8015FF26DF78260028BF16 = {
			isa = PBXGroup;
			children = (
				5A80160926DF78260028BF16 /* Products */,
				5A80160A26DF78260028BF16 /* SwiftUI Animations */,
			);
			sourceTree = "<group>";
		};
		5A80160926DF78260028BF16 /* Products */ = {
			isa = PBXGroup;
			children = (
				5A80160826DF78260028BF16 /* SwiftUI Animations.app */,
			);
			name = Products;
			sourceTree = "<group>";
		};
		5A80160A26DF78260028BF16 /* SwiftUI Animations */ = {
			isa = PBXGroup;
			children = (
				5A80160F26DF78280028BF16 /* Assets.xcassets */,
				5A80160D26DF78260028BF16 /* ContentView.swift */,
				5A1A9C2526E0D3EE00EB921C /* GreenButton.swift */,
				5A80161426DF78280028BF16 /* Info.plist */,
				5A80161A26DF78CB0028BF16 /* PathAnimations */,
				5A80161126DF78280028BF16 /* Preview Content */,
				5A80160B26DF78260028BF16 /* SwiftUI_AnimationsApp.swift */,
			);
			path = "SwiftUI Animations";
			sourceTree = "<group>";
		};
		5A80161126DF78280028BF16 /* Preview Content */ = {
			isa = PBXGroup;
			children = (
				5A80161226DF78280028BF16 /* Preview Assets.xcassets */,
			);
			path = "Preview Content";
			sourceTree = "<group>";
		};
		5A80161A26DF78CB0028BF16 /* PathAnimations */ = {
			isa = PBXGroup;
			children = (
				5A80161B26DF790C0028BF16 /* PolygonAnimatable.swift */,
				5A1A9C2726E0DD1100EB921C /* PolygonWithMultipleAnimatableParamters.swift */,
				5A1A9C2926E0E0D500EB921C /* PolygonWithLinesVertexToVertex.swift */,
			);
			path = PathAnimations;
			sourceTree = "<group>";
		};
/* End PBXGroup section */

/* Begin PBXNativeTarget section */
		5A80160726DF78260028BF16 /* SwiftUI Animations */ = {
			isa = PBXNativeTarget;
			buildConfigurationList = 5A80161726DF78280028BF16 /* Build configuration list for PBXNativeTarget "SwiftUI Animations" */;
			buildPhases = (
				5A80160426DF78260028BF16 /* Sources */,
				5A80160526DF78260028BF16 /* Frameworks */,
				5A80160626DF78260028BF16 /* Resources */,
			);
			buildRules = (
			);
			dependencies = (
			);
			name = "SwiftUI Animations";
			productName = "SwiftUI Animations";
			productReference = 5A80160826DF78260028BF16 /* SwiftUI Animations.app */;
			productType = "com.apple.product-type.application";
		};
/* End PBXNativeTarget section */

/* Begin PBXProject section */
		5A80160026DF78260028BF16 /* Project object */ = {
			isa = PBXProject;
			attributes = {
				LastSwiftUpdateCheck = 1250;
				LastUpgradeCheck = 1250;
				TargetAttributes = {
					5A80160726DF78260028BF16 = {
						CreatedOnToolsVersion = 12.5.1;
					};
				};
			};
			buildConfigurationList = 5A80160326DF78260028BF16 /* Build configuration list for PBXProject "SwiftUI Animations" */;
			compatibilityVersion = "Xcode 9.3";
			developmentRegion = en;
			hasScannedForEncodings = 0;
			knownRegions = (
				en,
				Base,
			);
			mainGroup = 5A8015FF26DF78260028BF16;
			productRefGroup = 5A80160926DF78260028BF16 /* Products */;
			projectDirPath = "";
			projectRoot = "";
			targets = (
				5A80160726DF78260028BF16 /* SwiftUI Animations */,
			);
		};
/* End PBXProject section */

/* Begin PBXResourcesBuildPhase section */
		5A80160626DF78260028BF16 /* Resources */ = {
			isa = PBXResourcesBuildPhase;
			buildActionMask = 2147483647;
			files = (
				5A80161326DF78280028BF16 /* Preview Assets.xcassets in Resources */,
				5A80161026DF78280028BF16 /* Assets.xcassets in Resources */,
			);
			runOnlyForDeploymentPostprocessing = 0;
		};
/* End PBXResourcesBuildPhase section */

/* Begin PBXSourcesBuildPhase section */
		5A80160426DF78260028BF16 /* Sources */ = {
			isa = PBXSourcesBuildPhase;
			buildActionMask = 2147483647;
			files = (
				5A80160E26DF78260028BF16 /* ContentView.swift in Sources */,
				5A80161C26DF790C0028BF16 /* PolygonAnimatable.swift in Sources */,
				5A80160C26DF78260028BF16 /* SwiftUI_AnimationsApp.swift in Sources */,
				5A1A9C2626E0D3EE00EB921C /* GreenButton.swift in Sources */,
				5A1A9C2826E0DD1100EB921C /* PolygonWithMultipleAnimatableParamters.swift in Sources */,
				5A1A9C2A26E0E0D500EB921C /* PolygonWithLinesVertexToVertex.swift in Sources */,
			);
			runOnlyForDeploymentPostprocessing = 0;
		};
/* End PBXSourcesBuildPhase section */

/* Begin XCBuildConfiguration section */
		5A80161526DF78280028BF16 /* Debug */ = {
			isa = XCBuildConfiguration;
			buildSettings = {
				ALWAYS_SEARCH_USER_PATHS = NO;
				CLANG_ANALYZER_NONNULL = YES;
				CLANG_ANALYZER_NUMBER_OBJECT_CONVERSION = YES_AGGRESSIVE;
				CLANG_CXX_LANGUAGE_STANDARD = "gnu++14";
				CLANG_CXX_LIBRARY = "libc++";
				CLANG_ENABLE_MODULES = YES;
				CLANG_ENABLE_OBJC_ARC = YES;
				CLANG_ENABLE_OBJC_WEAK = YES;
				CLANG_WARN_BLOCK_CAPTURE_AUTORELEASING = YES;
				CLANG_WARN_BOOL_CONVERSION = YES;
				CLANG_WARN_COMMA = YES;
				CLANG_WARN_CONSTANT_CONVERSION = YES;
				CLANG_WARN_DEPRECATED_OBJC_IMPLEMENTATIONS = YES;
				CLANG_WARN_DIRECT_OBJC_ISA_USAGE = YES_ERROR;
				CLANG_WARN_DOCUMENTATION_COMMENTS = YES;
				CLANG_WARN_EMPTY_BODY = YES;
				CLANG_WARN_ENUM_CONVERSION = YES;
				CLANG_WARN_INFINITE_RECURSION = YES;
				CLANG_WARN_INT_CONVERSION = YES;
				CLANG_WARN_NON_LITERAL_NULL_CONVERSION = YES;
				CLANG_WARN_OBJC_IMPLICIT_RETAIN_SELF = YES;
				CLANG_WARN_OBJC_LITERAL_CONVERSION = YES;
				CLANG_WARN_OBJC_ROOT_CLASS = YES_ERROR;
				CLANG_WARN_QUOTED_INCLUDE_IN_FRAMEWORK_HEADER = YES;
				CLANG_WARN_RANGE_LOOP_ANALYSIS = YES;
				CLANG_WARN_STRICT_PROTOTYPES = YES;
				CLANG_WARN_SUSPICIOUS_MOVE = YES;
				CLANG_WARN_UNGUARDED_AVAILABILITY = YES_AGGRESSIVE;
				CLANG_WARN_UNREACHABLE_CODE = YES;
				CLANG_WARN__DUPLICATE_METHOD_MATCH = YES;
				COPY_PHASE_STRIP = NO;
				DEBUG_INFORMATION_FORMAT = dwarf;
				ENABLE_STRICT_OBJC_MSGSEND = YES;
				ENABLE_TESTABILITY = YES;
				GCC_C_LANGUAGE_STANDARD = gnu11;
				GCC_DYNAMIC_NO_PIC = NO;
				GCC_NO_COMMON_BLOCKS = YES;
				GCC_OPTIMIZATION_LEVEL = 0;
				GCC_PREPROCESSOR_DEFINITIONS = (
					"DEBUG=1",
					"$(inherited)",
				);
				GCC_WARN_64_TO_32_BIT_CONVERSION = YES;
				GCC_WARN_ABOUT_RETURN_TYPE = YES_ERROR;
				GCC_WARN_UNDECLARED_SELECTOR = YES;
				GCC_WARN_UNINITIALIZED_AUTOS = YES_AGGRESSIVE;
				GCC_WARN_UNUSED_FUNCTION = YES;
				GCC_WARN_UNUSED_VARIABLE = YES;
				IPHONEOS_DEPLOYMENT_TARGET = 14.5;
				MTL_ENABLE_DEBUG_INFO = INCLUDE_SOURCE;
				MTL_FAST_MATH = YES;
				ONLY_ACTIVE_ARCH = YES;
				SDKROOT = iphoneos;
				SWIFT_ACTIVE_COMPILATION_CONDITIONS = DEBUG;
				SWIFT_OPTIMIZATION_LEVEL = "-Onone";
			};
			name = Debug;
		};
		5A80161626DF78280028BF16 /* Release */ = {
			isa = XCBuildConfiguration;
			buildSettings = {
				ALWAYS_SEARCH_USER_PATHS = NO;
				CLANG_ANALYZER_NONNULL = YES;
				CLANG_ANALYZER_NUMBER_OBJECT_CONVERSION = YES_AGGRESSIVE;
				CLANG_CXX_LANGUAGE_STANDARD = "gnu++14";
				CLANG_CXX_LIBRARY = "libc++";
				CLANG_ENABLE_MODULES = YES;
				CLANG_ENABLE_OBJC_ARC = YES;
				CLANG_ENABLE_OBJC_WEAK = YES;
				CLANG_WARN_BLOCK_CAPTURE_AUTORELEASING = YES;
				CLANG_WARN_BOOL_CONVERSION = YES;
				CLANG_WARN_COMMA = YES;
				CLANG_WARN_CONSTANT_CONVERSION = YES;
				CLANG_WARN_DEPRECATED_OBJC_IMPLEMENTATIONS = YES;
				CLANG_WARN_DIRECT_OBJC_ISA_USAGE = YES_ERROR;
				CLANG_WARN_DOCUMENTATION_COMMENTS = YES;
				CLANG_WARN_EMPTY_BODY = YES;
				CLANG_WARN_ENUM_CONVERSION = YES;
				CLANG_WARN_INFINITE_RECURSION = YES;
				CLANG_WARN_INT_CONVERSION = YES;
				CLANG_WARN_NON_LITERAL_NULL_CONVERSION = YES;
				CLANG_WARN_OBJC_IMPLICIT_RETAIN_SELF = YES;
				CLANG_WARN_OBJC_LITERAL_CONVERSION = YES;
				CLANG_WARN_OBJC_ROOT_CLASS = YES_ERROR;
				CLANG_WARN_QUOTED_INCLUDE_IN_FRAMEWORK_HEADER = YES;
				CLANG_WARN_RANGE_LOOP_ANALYSIS = YES;
				CLANG_WARN_STRICT_PROTOTYPES = YES;
				CLANG_WARN_SUSPICIOUS_MOVE = YES;
				CLANG_WARN_UNGUARDED_AVAILABILITY = YES_AGGRESSIVE;
				CLANG_WARN_UNREACHABLE_CODE = YES;
				CLANG_WARN__DUPLICATE_METHOD_MATCH = YES;
				COPY_PHASE_STRIP = NO;
				DEBUG_INFORMATION_FORMAT = "dwarf-with-dsym";
				ENABLE_NS_ASSERTIONS = NO;
				ENABLE_STRICT_OBJC_MSGSEND = YES;
				GCC_C_LANGUAGE_STANDARD = gnu11;
				GCC_NO_COMMON_BLOCKS = YES;
				GCC_WARN_64_TO_32_BIT_CONVERSION = YES;
				GCC_WARN_ABOUT_RETURN_TYPE = YES_ERROR;
				GCC_WARN_UNDECLARED_SELECTOR = YES;
				GCC_WARN_UNINITIALIZED_AUTOS = YES_AGGRESSIVE;
				GCC_WARN_UNUSED_FUNCTION = YES;
				GCC_WARN_UNUSED_VARIABLE = YES;
				IPHONEOS_DEPLOYMENT_TARGET = 14.5;
				MTL_ENABLE_DEBUG_INFO = NO;
				MTL_FAST_MATH = YES;
				SDKROOT = iphoneos;
				SWIFT_COMPILATION_MODE = wholemodule;
				SWIFT_OPTIMIZATION_LEVEL = "-O";
				VALIDATE_PRODUCT = YES;
			};
			name = Release;
		};
		5A80161826DF78280028BF16 /* Debug */ = {
			isa = XCBuildConfiguration;
			buildSettings = {
				ASSETCATALOG_COMPILER_APPICON_NAME = AppIcon;
				ASSETCATALOG_COMPILER_GLOBAL_ACCENT_COLOR_NAME = AccentColor;
				CODE_SIGN_STYLE = Automatic;
				DEVELOPMENT_ASSET_PATHS = "\"SwiftUI Animations/Preview Content\"";
				DEVELOPMENT_TEAM = 25KA2BRRPZ;
				ENABLE_PREVIEWS = YES;
				INFOPLIST_FILE = "SwiftUI Animations/Info.plist";
				IPHONEOS_DEPLOYMENT_TARGET = 14.0;
				LD_RUNPATH_SEARCH_PATHS = (
					"$(inherited)",
					"@executable_path/Frameworks",
				);
				PRODUCT_BUNDLE_IDENTIFIER = "lukailun.SwiftUI-Animations";
				PRODUCT_NAME = "$(TARGET_NAME)";
				SWIFT_VERSION = 5.0;
				TARGETED_DEVICE_FAMILY = "1,2";
			};
			name = Debug;
		};
		5A80161926DF78280028BF16 /* Release */ = {
			isa = XCBuildConfiguration;
			buildSettings = {
				ASSETCATALOG_COMPILER_APPICON_NAME = AppIcon;
				ASSETCATALOG_COMPILER_GLOBAL_ACCENT_COLOR_NAME = AccentColor;
				CODE_SIGN_STYLE = Automatic;
				DEVELOPMENT_ASSET_PATHS = "\"SwiftUI Animations/Preview Content\"";
				DEVELOPMENT_TEAM = 25KA2BRRPZ;
				ENABLE_PREVIEWS = YES;
				INFOPLIST_FILE = "SwiftUI Animations/Info.plist";
				IPHONEOS_DEPLOYMENT_TARGET = 14.0;
				LD_RUNPATH_SEARCH_PATHS = (
					"$(inherited)",
					"@executable_path/Frameworks",
				);
				PRODUCT_BUNDLE_IDENTIFIER = "lukailun.SwiftUI-Animations";
				PRODUCT_NAME = "$(TARGET_NAME)";
				SWIFT_VERSION = 5.0;
				TARGETED_DEVICE_FAMILY = "1,2";
			};
			name = Release;
		};
/* End XCBuildConfiguration section */

/* Begin XCConfigurationList section */
		5A80160326DF78260028BF16 /* Build configuration list for PBXProject "SwiftUI Animations" */ = {
			isa = XCConfigurationList;
			buildConfigurations = (
				5A80161526DF78280028BF16 /* Debug */,
				5A80161626DF78280028BF16 /* Release */,
			);
			defaultConfigurationIsVisible = 0;
			defaultConfigurationName = Release;
		};
		5A80161726DF78280028BF16 /* Build configuration list for PBXNativeTarget "SwiftUI Animations" */ = {
			isa = XCConfigurationList;
			buildConfigurations = (
				5A80161826DF78280028BF16 /* Debug */,
				5A80161926DF78280028BF16 /* Release */,
			);
			defaultConfigurationIsVisible = 0;
			defaultConfigurationName = Release;
		};
/* End XCConfigurationList section */
	};
	rootObject = 5A80160026DF78260028BF16 /* Project object */;
}
